
Microsoft Visual Studio Solution File, Format Version 12.00
# Visual Studio Version 17
VisualStudioVersion = 17.1.32210.238
MinimumVisualStudioVersion = 10.0.40219.1
Project("{FAE04EC0-301F-11D3-BF4B-00C04F79EFBC}") = "UserCRUDAPI", "UserCRUDAPI\UserCRUDAPI.csproj", "{55888DCB-A2DB-421F-AB72-6A9E4C899CCC}"
EndProject
Global
	GlobalSection(SolutionConfigurationPlatforms) = preSolution
		Debug|Any CPU = Debug|Any CPU
		Release|Any CPU = Release|Any CPU
	EndGlobalSection
	GlobalSection(ProjectConfigurationPlatforms) = postSolution
		{55888DCB-A2DB-421F-AB72-6A9E4C899CCC}.Debug|Any CPU.ActiveCfg = Debug|Any CPU
		{55888DCB-A2DB-421F-AB72-6A9E4C899CCC}.Debug|Any CPU.Build.0 = Debug|Any CPU
		{55888DCB-A2DB-421F-AB72-6A9E4C899CCC}.Release|Any CPU.ActiveCfg = Release|Any CPU
		{55888DCB-A2DB-421F-AB72-6A9E4C899CCC}.Release|Any CPU.Build.0 = Release|Any CPU
	EndGlobalSection
	GlobalSection(SolutionProperties) = preSolution
		HideSolutionNode = FALSE
	EndGlobalSection
	GlobalSection(ExtensibilityGlobals) = postSolution
		SolutionGuid = {C3E9DEA6-D895-45BE-8331-22B84B53E886}
	EndGlobalSection
EndGlobal
